
Microsoft Visual Studio Solution File, Format Version 12.00
# Visual Studio Version 16
VisualStudioVersion = 16.0.29728.190
MinimumVisualStudioVersion = 10.0.40219.1
Project("{9A19103F-16F7-4668-BE54-9A1E7A4F7556}") = "ComX.Common.ApiClients", "ComX.Common.ApiClients\ComX.Common.ApiClients.csproj", "{BAF8D034-7887-4C7B-971E-B548689ACE0C}"
EndProject
Project("{9A19103F-16F7-4668-BE54-9A1E7A4F7556}") = "ComX.Common.ApiClients.Tests", "ComX.Common.ApiClients.Tests\ComX.Common.ApiClients.Tests.csproj", "{557D915D-A66E-4818-A3ED-A467D0AADEF8}"
EndProject
Global
	GlobalSection(SolutionConfigurationPlatforms) = preSolution
		Debug|Any CPU = Debug|Any CPU
		Debug|x64 = Debug|x64
		Release|Any CPU = Release|Any CPU
		Release|x64 = Release|x64
	EndGlobalSection
	GlobalSection(ProjectConfigurationPlatforms) = postSolution
		{BAF8D034-7887-4C7B-971E-B548689ACE0C}.Debug|Any CPU.ActiveCfg = Debug|Any CPU
		{BAF8D034-7887-4C7B-971E-B548689ACE0C}.Debug|Any CPU.Build.0 = Debug|Any CPU
		{BAF8D034-7887-4C7B-971E-B548689ACE0C}.Debug|x64.ActiveCfg = Debug|x64
		{BAF8D034-7887-4C7B-971E-B548689ACE0C}.Debug|x64.Build.0 = Debug|x64
		{BAF8D034-7887-4C7B-971E-B548689ACE0C}.Release|Any CPU.ActiveCfg = Release|Any CPU
		{BAF8D034-7887-4C7B-971E-B548689ACE0C}.Release|Any CPU.Build.0 = Release|Any CPU
		{BAF8D034-7887-4C7B-971E-B548689ACE0C}.Release|x64.ActiveCfg = Release|x64
		{BAF8D034-7887-4C7B-971E-B548689ACE0C}.Release|x64.Build.0 = Release|x64
		{557D915D-A66E-4818-A3ED-A467D0AADEF8}.Debug|Any CPU.ActiveCfg = Debug|Any CPU
		{557D915D-A66E-4818-A3ED-A467D0AADEF8}.Debug|Any CPU.Build.0 = Debug|Any CPU
		{557D915D-A66E-4818-A3ED-A467D0AADEF8}.Debug|x64.ActiveCfg = Debug|x64
		{557D915D-A66E-4818-A3ED-A467D0AADEF8}.Debug|x64.Build.0 = Debug|x64
		{557D915D-A66E-4818-A3ED-A467D0AADEF8}.Release|Any CPU.ActiveCfg = Release|Any CPU
		{557D915D-A66E-4818-A3ED-A467D0AADEF8}.Release|Any CPU.Build.0 = Release|Any CPU
		{557D915D-A66E-4818-A3ED-A467D0AADEF8}.Release|x64.ActiveCfg = Release|x64
		{557D915D-A66E-4818-A3ED-A467D0AADEF8}.Release|x64.Build.0 = Release|x64
	EndGlobalSection
	GlobalSection(SolutionProperties) = preSolution
		HideSolutionNode = FALSE
	EndGlobalSection
	GlobalSection(ExtensibilityGlobals) = postSolution
		SolutionGuid = {61CDD1BE-A338-4C9B-B6E1-F908572E0FFF}
	EndGlobalSection
EndGlobal
